
Microsoft Visual Studio Solution File, Format Version 12.00
# Visual Studio 2017
Project("{FAE04EC0-301F-11D3-BF4B-00C04F79EFBC}") = "SpaceCannon", "SpaceCannon.csproj", "{61925381-57DC-6983-32B3-5AF26C5C4546}"
EndProject
Global
	GlobalSection(SolutionConfigurationPlatforms) = preSolution
		Debug|Any CPU = Debug|Any CPU
		Release|Any CPU = Release|Any CPU
	EndGlobalSection
	GlobalSection(ProjectConfigurationPlatforms) = postSolution
		{61925381-57DC-6983-32B3-5AF26C5C4546}.Debug|Any CPU.ActiveCfg = Debug|Any CPU
		{61925381-57DC-6983-32B3-5AF26C5C4546}.Debug|Any CPU.Build.0 = Debug|Any CPU
		{61925381-57DC-6983-32B3-5AF26C5C4546}.Release|Any CPU.ActiveCfg = Release|Any CPU
		{61925381-57DC-6983-32B3-5AF26C5C4546}.Release|Any CPU.Build.0 = Release|Any CPU
	EndGlobalSection
	GlobalSection(SolutionProperties) = preSolution
		HideSolutionNode = FALSE
	EndGlobalSection
EndGlobal
